
Microsoft Visual Studio Solution File, Format Version 12.00
# Visual Studio Version 16
VisualStudioVersion = 16.0.29409.12
MinimumVisualStudioVersion = 10.0.40219.1
Project("{FAE04EC0-301F-11D3-BF4B-00C04F79EFBC}") = "banksystem", "banksystem\banksystem.csproj", "{2FAF0045-AEB6-4F5D-BBAE-F4D5378807C0}"
EndProject
Global
	GlobalSection(SolutionConfigurationPlatforms) = preSolution
		Debug|Any CPU = Debug|Any CPU
		Release|Any CPU = Release|Any CPU
	EndGlobalSection
	GlobalSection(ProjectConfigurationPlatforms) = postSolution
		{2FAF0045-AEB6-4F5D-BBAE-F4D5378807C0}.Debug|Any CPU.ActiveCfg = Debug|Any CPU
		{2FAF0045-AEB6-4F5D-BBAE-F4D5378807C0}.Debug|Any CPU.Build.0 = Debug|Any CPU
		{2FAF0045-AEB6-4F5D-BBAE-F4D5378807C0}.Release|Any CPU.ActiveCfg = Release|Any CPU
		{2FAF0045-AEB6-4F5D-BBAE-F4D5378807C0}.Release|Any CPU.Build.0 = Release|Any CPU
	EndGlobalSection
	GlobalSection(SolutionProperties) = preSolution
		HideSolutionNode = FALSE
	EndGlobalSection
	GlobalSection(ExtensibilityGlobals) = postSolution
		SolutionGuid = {B787FBEC-6CA8-413B-AB50-CB07550F6C6B}
	EndGlobalSection
EndGlobal
